{
  "version": 4,
  "terraform_version": "0.14.5",
  "serial": 3,
  "lineage": "e1c579fb-44c6-213b-6f16-5d551d4d667b",
  "outputs": {},
  "resources": [
    {
      "mode": "managed",
      "type": "aws_instance",
      "name": "example",
      "provider": "provider[\"registry.terraform.io/hashicorp/aws\"]",
      "instances": [
        {
          "schema_version": 1,
          "attributes": {
            "ami": "ami-096cdd827d38ca4d8",
            "arn": "arn:aws:ec2:us-east-2:061111073104:instance/i-098db0e8146e3222b",
            "associate_public_ip_address": true,
            "availability_zone": "us-east-2c",
            "cpu_core_count": 1,
            "cpu_threads_per_core": 1,
            "credit_specification": [
              {
                "cpu_credits": "standard"
              }
            ],
            "disable_api_termination": false,
            "ebs_block_device": [],
            "ebs_optimized": false,
            "enclave_options": [
              {
                "enabled": false
              }
            ],
            "ephemeral_block_device": [],
            "get_password_data": false,
            "hibernation": false,
            "host_id": null,
            "iam_instance_profile": "",
            "id": "i-098db0e8146e3222b",
            "instance_initiated_shutdown_behavior": null,
            "instance_state": "running",
            "instance_type": "t2.micro",
            "ipv6_address_count": 0,
            "ipv6_addresses": [],
            "key_name": "mykey",
            "metadata_options": [
              {
                "http_endpoint": "enabled",
                "http_put_response_hop_limit": 1,
                "http_tokens": "optional"
              }
            ],
            "monitoring": false,
            "network_interface": [],
            "outpost_arn": "",
            "password_data": "",
            "placement_group": "",
            "primary_network_interface_id": "eni-0d79c77722c485cd5",
            "private_dns": "ip-172-31-34-24.us-east-2.compute.internal",
            "private_ip": "172.31.34.24",
            "public_dns": "ec2-18-218-86-3.us-east-2.compute.amazonaws.com",
            "public_ip": "18.218.86.3",
            "root_block_device": [
              {
                "delete_on_termination": true,
                "device_name": "/dev/sda1",
                "encrypted": false,
                "iops": 100,
                "kms_key_id": "",
                "tags": {},
                "throughput": 0,
                "volume_id": "vol-01e7aaa6a8930b63a",
                "volume_size": 8,
                "volume_type": "gp2"
              }
            ],
            "secondary_private_ips": [],
            "security_groups": [
              "default"
            ],
            "source_dest_check": true,
            "subnet_id": "subnet-8c1f5dc0",
            "tags": null,
            "tenancy": "default",
            "timeouts": null,
            "user_data": null,
            "user_data_base64": null,
            "volume_tags": null,
            "vpc_security_group_ids": [
              "sg-7d34fb0e"
            ]
          },
          "sensitive_attributes": [],
          "private": "eyJlMmJmYjczMC1lY2FhLTExZTYtOGY4OC0zNDM2M2JjN2M0YzAiOnsiY3JlYXRlIjo2MDAwMDAwMDAwMDAsImRlbGV0ZSI6MTIwMDAwMDAwMDAwMCwidXBkYXRlIjo2MDAwMDAwMDAwMDB9LCJzY2hlbWFfdmVyc2lvbiI6IjEifQ==",
          "dependencies": [
            "aws_key_pair.mykey"
          ]
        }
      ]
    },
    {
      "mode": "managed",
      "type": "aws_key_pair",
      "name": "mykey",
      "provider": "provider[\"registry.terraform.io/hashicorp/aws\"]",
      "instances": [
        {
          "schema_version": 1,
          "attributes": {
            "arn": "arn:aws:ec2:us-east-2:061111073104:key-pair/mykey",
            "fingerprint": "68:7b:d5:1f:07:d8:9f:01:83:68:71:57:ea:9e:cf:a8",
            "id": "mykey",
            "key_name": "mykey",
            "key_name_prefix": null,
            "key_pair_id": "key-031d5a97c736740e0",
            "public_key": "ssh-rsa AAAAB3NzaC1yc2EAAAADAQABAAABgQCzRx2yHOxxln4ZNuLayN6UUUXMtUuMgExyCixCxRIeLfnDGi0nudKusj6S+FVKV6rUpXJzNWa7QylZLbn/nAzxHXgnkVJNS2QWtFlCC4HAxKvFvE6zOMsnMvvCVzTekRJXXMxdAysHcedNS4vq05sBuD5831eFz/DwDMfx14CBWxnBnIigkET2FQ/ou8e8cu5KM9UzHA5DL5uGPOaprTpIvuCNQxo33i+iuh+jjBeh4Y6w0OTSzcQJKm4AubaJFTrAcy/VfqkUPUZzyggGWXpmiTZCDlmNDtUwPbWGAnp8rk9YB57Vt2wrpvhHRCbcgfV8xn9acgtyUbAyRWOhEUKoqS6ssi5dteUvrdlzVAswN7kZnKdIdBu+wjTShLSNxtr6iuLAMrU65bn/x+jcyrEFVtcHzzkwygyj+8Q5EzP+m0yiapsuZ16QMn1BL6GcD+18IMFcpQSMIUgF32i7HzJ++3DFKhJ0jTyTOef8NXSYBX7eNQtXS/TpVdB3KQ9A+Zk= root@jenkins-server",
            "tags": null
          },
          "sensitive_attributes": [],
          "private": "eyJzY2hlbWFfdmVyc2lvbiI6IjEifQ=="
        }
      ]
    }
  ]
}
